
Microsoft Visual Studio Solution File, Format Version 12.00
# Visual Studio 15
VisualStudioVersion = 15.0.28010.2019
MinimumVisualStudioVersion = 10.0.40219.1
Project("{FAE04EC0-301F-11D3-BF4B-00C04F79EFBC}") = "Serializable", "Serializable\Serializable.csproj", "{94C962B0-BD4C-4537-BC2A-50EA01FE4E23}"
EndProject
Global
	GlobalSection(SolutionConfigurationPlatforms) = preSolution
		Debug|Any CPU = Debug|Any CPU
		Release|Any CPU = Release|Any CPU
	EndGlobalSection
	GlobalSection(ProjectConfigurationPlatforms) = postSolution
		{94C962B0-BD4C-4537-BC2A-50EA01FE4E23}.Debug|Any CPU.ActiveCfg = Debug|Any CPU
		{94C962B0-BD4C-4537-BC2A-50EA01FE4E23}.Debug|Any CPU.Build.0 = Debug|Any CPU
		{94C962B0-BD4C-4537-BC2A-50EA01FE4E23}.Release|Any CPU.ActiveCfg = Release|Any CPU
		{94C962B0-BD4C-4537-BC2A-50EA01FE4E23}.Release|Any CPU.Build.0 = Release|Any CPU
	EndGlobalSection
	GlobalSection(SolutionProperties) = preSolution
		HideSolutionNode = FALSE
	EndGlobalSection
	GlobalSection(ExtensibilityGlobals) = postSolution
		SolutionGuid = {400D98F2-A5FD-4AE4-9C45-86D5CA421036}
	EndGlobalSection
EndGlobal
